{
  "lockfile_version": "1",
  "packages": {
    "cargo@latest": {
      "last_modified": "2026-05-21T08:15:18Z",
      "resolved": "github:NixOS/nixpkgs/4a29d733e8a7d5b824c3d8c958a946a9867b3eb2#cargo",
      "source": "devbox-search",
      "version": "1.95.0",
      "systems": {
        "aarch64-darwin": {
          "outputs": [
            {
              "name": "out",
              "path": "/nix/store/2vdxz4xwplgb5rgfhqr0jr85fd7qqgmb-cargo-1.95.0",
              "default": true
            }
          ],
          "store_path": "/nix/store/2vdxz4xwplgb5rgfhqr0jr85fd7qqgmb-cargo-1.95.0"
        },
        "aarch64-linux": {
          "outputs": [
            {
              "name": "out",
              "path": "/nix/store/f8rxcxfwk1qhazprqnfji401x08xp9dr-cargo-1.95.0",
              "default": true
            }
          ],
          "store_path": "/nix/store/f8rxcxfwk1qhazprqnfji401x08xp9dr-cargo-1.95.0"
        },
        "x86_64-darwin": {
          "outputs": [
            {
              "name": "out",
              "path": "/nix/store/5z8rq35zk9jqnnfw4m49fwpgq7phdhai-cargo-1.95.0",
              "default": true
            }
          ],
          "store_path": "/nix/store/5z8rq35zk9jqnnfw4m49fwpgq7phdhai-cargo-1.95.0"
        },
        "x86_64-linux": {
          "outputs": [
            {
              "name": "out",
              "path": "/nix/store/z480b23kymbmrijrl49246mrzyphli15-cargo-1.95.0",
              "default": true
            }
          ],
          "store_path": "/nix/store/z480b23kymbmrijrl49246mrzyphli15-cargo-1.95.0"
        }
      }
    },
    "clippy@latest": {
      "last_modified": "2026-05-21T08:15:18Z",
      "resolved": "github:NixOS/nixpkgs/4a29d733e8a7d5b824c3d8c958a946a9867b3eb2#clippy",
      "source": "devbox-search",
      "version": "1.95.0",
      "systems": {
        "aarch64-darwin": {
          "outputs": [
            {
              "name": "out",
              "path": "/nix/store/zzzj3civ800ml2hv9czssyzsbfxl2ss7-clippy-1.95.0",
              "default": true
            }
          ],
          "store_path": "/nix/store/zzzj3civ800ml2hv9czssyzsbfxl2ss7-clippy-1.95.0"
        },
        "aarch64-linux": {
          "outputs": [
            {
              "name": "out",
              "path": "/nix/store/03g145gvrijz5wryc6538m3ayzgbmlq0-clippy-1.95.0",
              "default": true
            },
            {
              "name": "debug",
              "path": "/nix/store/a9j78978hxxwwbr7nbbmwl110ljsv192-clippy-1.95.0-debug"
            }
          ],
          "store_path": "/nix/store/03g145gvrijz5wryc6538m3ayzgbmlq0-clippy-1.95.0"
        },
        "x86_64-darwin": {
          "outputs": [
            {
              "name": "out",
              "path": "/nix/store/ipr8v8md5glz2c6nd1zi7193s62va753-clippy-1.95.0",
              "default": true
            }
          ],
          "store_path": "/nix/store/ipr8v8md5glz2c6nd1zi7193s62va753-clippy-1.95.0"
        },
        "x86_64-linux": {
          "outputs": [
            {
              "name": "out",
              "path": "/nix/store/42vpa7gg09gs6x9v4y7aizmxwmrc35ac-clippy-1.95.0",
              "default": true
            },
            {
              "name": "debug",
              "path": "/nix/store/clml4f18gybrzp40n0mhq8kv0rw98rmq-clippy-1.95.0-debug"
            }
          ],
          "store_path": "/nix/store/42vpa7gg09gs6x9v4y7aizmxwmrc35ac-clippy-1.95.0"
        }
      }
    },
    "git@latest": {
      "last_modified": "2026-06-11T10:33:09Z",
      "resolved": "github:NixOS/nixpkgs/8c91a71d13451abc40eb9dae8910f972f979852f#git",
      "source": "devbox-search",
      "version": "2.54.0",
      "systems": {
        "aarch64-darwin": {
          "outputs": [
            {
              "name": "out",
              "path": "/nix/store/a14yxcqvv9x2l9mllgpirzhvz93pgprg-git-2.54.0",
              "default": true
            },
            {
              "name": "doc",
              "path": "/nix/store/zn8gmbxxf5398hxg6y6nk5jimj85qj69-git-2.54.0-doc"
            }
          ],
          "store_path": "/nix/store/a14yxcqvv9x2l9mllgpirzhvz93pgprg-git-2.54.0"
        },
        "aarch64-linux": {
          "outputs": [
            {
              "name": "out",
              "path": "/nix/store/ixp98f9avf8ikpdrmp40cj33g0dazyp9-git-2.54.0",
              "default": true
            },
            {
              "name": "doc",
              "path": "/nix/store/klwr4n2snj7ldlpkhwarwlif80myx0vj-git-2.54.0-doc"
            },
            {
              "name": "debug",
              "path": "/nix/store/c7mafmqf28l7898rpbqqkd0p3m42hc03-git-2.54.0-debug"
            }
          ],
          "store_path": "/nix/store/ixp98f9avf8ikpdrmp40cj33g0dazyp9-git-2.54.0"
        },
        "x86_64-darwin": {
          "outputs": [
            {
              "name": "out",
              "path": "/nix/store/s9lsrlgwr3sabw9a2dl3laykas0ijk85-git-2.54.0",
              "default": true
            },
            {
              "name": "doc",
              "path": "/nix/store/agyxy5ay4x06b52mj24rz44fc82328ha-git-2.54.0-doc"
            }
          ],
          "store_path": "/nix/store/s9lsrlgwr3sabw9a2dl3laykas0ijk85-git-2.54.0"
        },
        "x86_64-linux": {
          "outputs": [
            {
              "name": "out",
              "path": "/nix/store/bcnisk3ydfgv26v2gw3zlky24g00yww2-git-2.54.0",
              "default": true
            },
            {
              "name": "debug",
              "path": "/nix/store/72fyakk8w8idjbksk0h8jbkq6sgvcm85-git-2.54.0-debug"
            },
            {
              "name": "doc",
              "path": "/nix/store/l444690y78nfdwyzm6mghagl7xa97myf-git-2.54.0-doc"
            }
          ],
          "store_path": "/nix/store/bcnisk3ydfgv26v2gw3zlky24g00yww2-git-2.54.0"
        }
      }
    },
    "github:NixOS/nixpkgs/nixpkgs-unstable": {
      "last_modified": "2026-06-16T10:57:20Z",
      "resolved": "github:NixOS/nixpkgs/3e41b24abd260e8f71dbe2f5737d24122f972158?lastModified=1781607440&narHash=sha256-rxO%2Buc%2FKFbSJp%2BpgyXRuAX6QlG9hJdnt0BXpEQRXY%2BU%3D"
    },
    "jq@latest": {
      "last_modified": "2026-06-12T12:41:42Z",
      "resolved": "github:NixOS/nixpkgs/49a4bd0573c376468dd7996ddb6f9fa31d8c4d97#jq",
      "source": "devbox-search",
      "version": "1.8.1",
      "systems": {
        "aarch64-darwin": {
          "outputs": [
            {
              "name": "bin",
              "path": "/nix/store/d551vj6hjc2bqiyg8dim6lv1v1xw7841-jq-1.8.1-bin",
              "default": true
            },
            {
              "name": "man",
              "path": "/nix/store/cyykpwx7q87ryqyhkz4slm163300rzjh-jq-1.8.1-man",
              "default": true
            },
            {
              "name": "dev",
              "path": "/nix/store/dy2cgp8adlm5gl3hkpykcgccv4dlhawb-jq-1.8.1-dev"
            },
            {
              "name": "doc",
              "path": "/nix/store/afjz34n0jz7a0zjjp6qkvnxqph53ifbw-jq-1.8.1-doc"
            },
            {
              "name": "out",
              "path": "/nix/store/yj3m8xi9h48mz4i7732zcwbqbb8bl402-jq-1.8.1"
            }
          ],
          "store_path": "/nix/store/d551vj6hjc2bqiyg8dim6lv1v1xw7841-jq-1.8.1-bin"
        },
        "aarch64-linux": {
          "outputs": [
            {
              "name": "bin",
              "path": "/nix/store/d6mx57dmjq61j69ap45f6fm3jb0lslyc-jq-1.8.1-bin",
              "default": true
            },
            {
              "name": "man",
              "path": "/nix/store/bnwzc47h7zhc3zwkjmy4br8jd2ki9pyj-jq-1.8.1-man",
              "default": true
            },
            {
              "name": "out",
              "path": "/nix/store/6y9n87w9lsk3x0fscm6kfirk3ssc0syr-jq-1.8.1"
            },
            {
              "name": "dev",
              "path": "/nix/store/qv69wdjr2zd2w6yg5n8lxfn6c8mg4bwf-jq-1.8.1-dev"
            },
            {
              "name": "doc",
              "path": "/nix/store/fway55wsvvly58sz7zn7vlq68v0q1ig3-jq-1.8.1-doc"
            }
          ],
          "store_path": "/nix/store/d6mx57dmjq61j69ap45f6fm3jb0lslyc-jq-1.8.1-bin"
        },
        "x86_64-darwin": {
          "outputs": [
            {
              "name": "bin",
              "path": "/nix/store/pnm2frw3jwfrlycf730z5bfgixiyjal4-jq-1.8.1-bin",
              "default": true
            },
            {
              "name": "man",
              "path": "/nix/store/0yyamki3lhy0rp6vn45mn6cdhqb2c64a-jq-1.8.1-man",
              "default": true
            },
            {
              "name": "dev",
              "path": "/nix/store/hg1vhcfr1lwv39vn84cijdn187jmcfnj-jq-1.8.1-dev"
            },
            {
              "name": "doc",
              "path": "/nix/store/mzarfihn2c84s6qw7zp0rbbj7hb09dv2-jq-1.8.1-doc"
            },
            {
              "name": "out",
              "path": "/nix/store/8c9m07iqwczlfzx1sk0c5g2a9nnzvhc3-jq-1.8.1"
            }
          ],
          "store_path": "/nix/store/pnm2frw3jwfrlycf730z5bfgixiyjal4-jq-1.8.1-bin"
        },
        "x86_64-linux": {
          "outputs": [
            {
              "name": "bin",
              "path": "/nix/store/s04d6wm3kqjdgr7zdhlk214f6a2291ks-jq-1.8.1-bin",
              "default": true
            },
            {
              "name": "man",
              "path": "/nix/store/ncw52xsl5hgplh8csybbp9fli64iw1aq-jq-1.8.1-man",
              "default": true
            },
            {
              "name": "dev",
              "path": "/nix/store/fmsvbcz2s85pmszdvwp4mhlamiv5lnzg-jq-1.8.1-dev"
            },
            {
              "name": "doc",
              "path": "/nix/store/hhh2h4x4rhh6qbqa6620bvhz652cgw4m-jq-1.8.1-doc"
            },
            {
              "name": "out",
              "path": "/nix/store/7a1hndk12kz9wwh9sz8hzkkwgxq6rrnk-jq-1.8.1"
            }
          ],
          "store_path": "/nix/store/s04d6wm3kqjdgr7zdhlk214f6a2291ks-jq-1.8.1-bin"
        }
      }
    },
    "openssl@latest": {
      "last_modified": "2025-12-05T06:24:47Z",
      "resolved": "github:NixOS/nixpkgs/42e29df35be6ef54091d3a3b4e97056ce0a98ce8#openssl",
      "source": "devbox-search",
      "version": "3.6.0",
      "systems": {
        "aarch64-darwin": {
          "outputs": [
            {
              "name": "bin",
              "path": "/nix/store/z9prisxci5h5lsk3rdknd4jzq7k9q13d-openssl-3.6.0-bin",
              "default": true
            },
            {
              "name": "man",
              "path": "/nix/store/ii9mnzr3i92mgk9dkgg65739mavd0j6f-openssl-3.6.0-man",
              "default": true
            },
            {
              "name": "dev",
              "path": "/nix/store/h0qgqik0mk0wn7rmm2kk3grfi1wzly74-openssl-3.6.0-dev"
            },
            {
              "name": "doc",
              "path": "/nix/store/yx3ip21fdaaxpjn5fbir02mqnaw9cm4f-openssl-3.6.0-doc"
            },
            {
              "name": "out",
              "path": "/nix/store/3z54dgks2mz3dhwddj158sdibll8xmq5-openssl-3.6.0"
            }
          ],
          "store_path": "/nix/store/z9prisxci5h5lsk3rdknd4jzq7k9q13d-openssl-3.6.0-bin"
        },
        "aarch64-linux": {
          "outputs": [
            {
              "name": "bin",
              "path": "/nix/store/wb6q44n9kcb5acmaa4rgqsajadx1fhhl-openssl-3.6.0-bin",
              "default": true
            },
            {
              "name": "man",
              "path": "/nix/store/c9n1alb7ypzjvzd47m16fiwfczz23qs3-openssl-3.6.0-man",
              "default": true
            },
            {
              "name": "debug",
              "path": "/nix/store/ci6d4k1sj4bnr892lsrqqmjiihqsk0bl-openssl-3.6.0-debug"
            },
            {
              "name": "dev",
              "path": "/nix/store/pq8b7fb3282g68pmk14mbyi20qn6chid-openssl-3.6.0-dev"
            },
            {
              "name": "doc",
              "path": "/nix/store/vaplp6w56dyz38986bgkf0pbg3r486b2-openssl-3.6.0-doc"
            },
            {
              "name": "out",
              "path": "/nix/store/nj50gkyx813dxvfmsg1q8m330hmf3h86-openssl-3.6.0"
            }
          ],
          "store_path": "/nix/store/wb6q44n9kcb5acmaa4rgqsajadx1fhhl-openssl-3.6.0-bin"
        },
        "x86_64-darwin": {
          "outputs": [
            {
              "name": "bin",
              "path": "/nix/store/m3xwn9n0jypwjgi256idfzs979g30j29-openssl-3.6.0-bin",
              "default": true
            },
            {
              "name": "man",
              "path": "/nix/store/hw43f3y1vl7ydrd4samnwnrwqqwkpisv-openssl-3.6.0-man",
              "default": true
            },
            {
              "name": "dev",
              "path": "/nix/store/dirjrfjk8jgsbdpslgb51cav6qaxn2vm-openssl-3.6.0-dev"
            },
            {
              "name": "doc",
              "path": "/nix/store/va1zhkz0nfmycvd0h239hi4w40qgaxcx-openssl-3.6.0-doc"
            },
            {
              "name": "out",
              "path": "/nix/store/q9a4wssx24xsy28w8kifdqizc01fh7sc-openssl-3.6.0"
            }
          ],
          "store_path": "/nix/store/m3xwn9n0jypwjgi256idfzs979g30j29-openssl-3.6.0-bin"
        },
        "x86_64-linux": {
          "outputs": [
            {
              "name": "bin",
              "path": "/nix/store/k0gl1zc7f5hk87lylxwbipb0b870bcmk-openssl-3.6.0-bin",
              "default": true
            },
            {
              "name": "man",
              "path": "/nix/store/a9jdl6xq9fc98ykpvqmc9kf0b0j9y8wh-openssl-3.6.0-man",
              "default": true
            },
            {
              "name": "debug",
              "path": "/nix/store/sqv8kbdgfxlr2d6nysr8c2715qpsi6f5-openssl-3.6.0-debug"
            },
            {
              "name": "dev",
              "path": "/nix/store/ydrckgnllgg8nmhdwni81h7xhcpnrlhd-openssl-3.6.0-dev"
            },
            {
              "name": "doc",
              "path": "/nix/store/cgp9ig35iwicfb9spcrgyg2m5dmlcgrv-openssl-3.6.0-doc"
            },
            {
              "name": "out",
              "path": "/nix/store/61i74yjkj9p1qphfl7018ja4sdwkipx0-openssl-3.6.0"
            }
          ],
          "store_path": "/nix/store/k0gl1zc7f5hk87lylxwbipb0b870bcmk-openssl-3.6.0-bin"
        }
      }
    },
    "pkg-config@latest": {
      "last_modified": "2025-11-23T21:50:36Z",
      "resolved": "github:NixOS/nixpkgs/ee09932cedcef15aaf476f9343d1dea2cb77e261#pkg-config",
      "source": "devbox-search",
      "version": "0.29.2",
      "systems": {
        "aarch64-darwin": {
          "outputs": [
            {
              "name": "out",
              "path": "/nix/store/hygaaqwk9ylklp0ybwppqhw75nz8ya41-pkg-config-wrapper-0.29.2",
              "default": true
            },
            {
              "name": "man",
              "path": "/nix/store/9px0sji43x3r2w4zxl3j3idwsql7lwxx-pkg-config-wrapper-0.29.2-man",
              "default": true
            },
            {
              "name": "doc",
              "path": "/nix/store/hqk44ra6qxw7iixardl6c3hdgb9kq6ns-pkg-config-wrapper-0.29.2-doc"
            }
          ],
          "store_path": "/nix/store/hygaaqwk9ylklp0ybwppqhw75nz8ya41-pkg-config-wrapper-0.29.2"
        },
        "aarch64-linux": {
          "outputs": [
            {
              "name": "out",
              "path": "/nix/store/lbiigi8qbp7mzf1lpr7p982l1kyf01ql-pkg-config-wrapper-0.29.2",
              "default": true
            },
            {
              "name": "man",
              "path": "/nix/store/10060k24qggqyzlwdsfmni9y32zxcg0j-pkg-config-wrapper-0.29.2-man",
              "default": true
            },
            {
              "name": "doc",
              "path": "/nix/store/0y4v51ndpyvkj09hwlfqkz0c3h17zfmc-pkg-config-wrapper-0.29.2-doc"
            }
          ],
          "store_path": "/nix/store/lbiigi8qbp7mzf1lpr7p982l1kyf01ql-pkg-config-wrapper-0.29.2"
        },
        "x86_64-darwin": {
          "outputs": [
            {
              "name": "out",
              "path": "/nix/store/vknadizq0q5kffvx6y4379p9gdry9zq3-pkg-config-wrapper-0.29.2",
              "default": true
            },
            {
              "name": "man",
              "path": "/nix/store/1nyspra675q22gfhf7hn2nmfpi6rgim5-pkg-config-wrapper-0.29.2-man",
              "default": true
            },
            {
              "name": "doc",
              "path": "/nix/store/7lq1axxwrafwljs06n88bzyz9w523rkc-pkg-config-wrapper-0.29.2-doc"
            }
          ],
          "store_path": "/nix/store/vknadizq0q5kffvx6y4379p9gdry9zq3-pkg-config-wrapper-0.29.2"
        },
        "x86_64-linux": {
          "outputs": [
            {
              "name": "out",
              "path": "/nix/store/8vdiwpbh0g4avsd6x5v4s0di32vcl3dp-pkg-config-wrapper-0.29.2",
              "default": true
            },
            {
              "name": "man",
              "path": "/nix/store/j9xfpnrygg3v37svc5pfin9q5bm49r94-pkg-config-wrapper-0.29.2-man",
              "default": true
            },
            {
              "name": "doc",
              "path": "/nix/store/x3bypxdxaq20kykybhkf21x4jczsiy8y-pkg-config-wrapper-0.29.2-doc"
            }
          ],
          "store_path": "/nix/store/8vdiwpbh0g4avsd6x5v4s0di32vcl3dp-pkg-config-wrapper-0.29.2"
        }
      }
    },
    "rustc@latest": {
      "last_modified": "2026-05-21T08:15:18Z",
      "plugin_version": "0.0.1",
      "resolved": "github:NixOS/nixpkgs/4a29d733e8a7d5b824c3d8c958a946a9867b3eb2#rustc",
      "source": "devbox-search",
      "version": "1.95.0",
      "systems": {
        "aarch64-darwin": {
          "outputs": [
            {
              "name": "out",
              "path": "/nix/store/z8dhxkw9d2bclp4hj4byyxmbihr8w4an-rustc-wrapper-1.95.0",
              "default": true
            },
            {
              "name": "man",
              "path": "/nix/store/zwylsaxwxgmbl38n3n38ym2yp8d4vh3l-rustc-wrapper-1.95.0-man",
              "default": true
            },
            {
              "name": "doc",
              "path": "/nix/store/2wiph2c9mpr0gbgan0ixpnr51pdfhlhj-rustc-wrapper-1.95.0-doc"
            }
          ],
          "store_path": "/nix/store/z8dhxkw9d2bclp4hj4byyxmbihr8w4an-rustc-wrapper-1.95.0"
        },
        "aarch64-linux": {
          "outputs": [
            {
              "name": "out",
              "path": "/nix/store/nh052ln9q9r24p3rb6zxiqqjy4anxa56-rustc-wrapper-1.95.0",
              "default": true
            },
            {
              "name": "man",
              "path": "/nix/store/p3azdhlb0nk5kz1wqc22v7srwsb37m24-rustc-wrapper-1.95.0-man",
              "default": true
            },
            {
              "name": "doc",
              "path": "/nix/store/wqzfi80f80r689n3knjqsn31zqz68z4q-rustc-wrapper-1.95.0-doc"
            }
          ],
          "store_path": "/nix/store/nh052ln9q9r24p3rb6zxiqqjy4anxa56-rustc-wrapper-1.95.0"
        },
        "x86_64-darwin": {
          "outputs": [
            {
              "name": "out",
              "path": "/nix/store/6b0k5kdmlfl91qa8mk3ssfgvskqkvy4r-rustc-wrapper-1.95.0",
              "default": true
            },
            {
              "name": "man",
              "path": "/nix/store/2cvnw62k02n4afiahfrip1ambv8c2489-rustc-wrapper-1.95.0-man",
              "default": true
            },
            {
              "name": "doc",
              "path": "/nix/store/z0jj0z80mr79c8z5mrw8k8rmp9jn43zh-rustc-wrapper-1.95.0-doc"
            }
          ],
          "store_path": "/nix/store/6b0k5kdmlfl91qa8mk3ssfgvskqkvy4r-rustc-wrapper-1.95.0"
        },
        "x86_64-linux": {
          "outputs": [
            {
              "name": "out",
              "path": "/nix/store/wnhmqix7bippbbzasj29qiyb422g9asg-rustc-wrapper-1.95.0",
              "default": true
            },
            {
              "name": "man",
              "path": "/nix/store/ivd567y3li0c80h3z5w77nh8m1ga340h-rustc-wrapper-1.95.0-man",
              "default": true
            },
            {
              "name": "doc",
              "path": "/nix/store/m4rhqgg9qqkjy7zv9jg4z21fm92y82r2-rustc-wrapper-1.95.0-doc"
            }
          ],
          "store_path": "/nix/store/wnhmqix7bippbbzasj29qiyb422g9asg-rustc-wrapper-1.95.0"
        }
      }
    },
    "rustfmt@latest": {
      "last_modified": "2026-05-21T08:15:18Z",
      "resolved": "github:NixOS/nixpkgs/4a29d733e8a7d5b824c3d8c958a946a9867b3eb2#rustfmt",
      "source": "devbox-search",
      "version": "1.95.0",
      "systems": {
        "aarch64-darwin": {
          "outputs": [
            {
              "name": "out",
              "path": "/nix/store/mpb5lx4grh44xg95mim3f2sbarwl13hv-rustfmt-1.95.0",
              "default": true
            }
          ],
          "store_path": "/nix/store/mpb5lx4grh44xg95mim3f2sbarwl13hv-rustfmt-1.95.0"
        },
        "aarch64-linux": {
          "outputs": [
            {
              "name": "out",
              "path": "/nix/store/lyppkpp50famfpbbmmravahq85rjbz48-rustfmt-1.95.0",
              "default": true
            }
          ],
          "store_path": "/nix/store/lyppkpp50famfpbbmmravahq85rjbz48-rustfmt-1.95.0"
        },
        "x86_64-darwin": {
          "outputs": [
            {
              "name": "out",
              "path": "/nix/store/3w8bdmiz9xjr7yyggvpkf60pg8rm8km3-rustfmt-1.95.0",
              "default": true
            }
          ],
          "store_path": "/nix/store/3w8bdmiz9xjr7yyggvpkf60pg8rm8km3-rustfmt-1.95.0"
        },
        "x86_64-linux": {
          "outputs": [
            {
              "name": "out",
              "path": "/nix/store/1x0ba5x31jqzhhk02qz4lxkznmp6q3nl-rustfmt-1.95.0",
              "default": true
            }
          ],
          "store_path": "/nix/store/1x0ba5x31jqzhhk02qz4lxkznmp6q3nl-rustfmt-1.95.0"
        }
      }
    }
  }
}
